
Microsoft Visual Studio Solution File, Format Version 12.00
# Visual Studio Version 16
VisualStudioVersion = 16.0.31112.23
MinimumVisualStudioVersion = 10.0.40219.1
Project("{FAE04EC0-301F-11D3-BF4B-00C04F79EFBC}") = "EF_Mapping_Advanced", "EF_Mapping_Advanced.csproj", "{4C2F51A6-B4C9-43FA-8AFE-88192E4720B5}"
EndProject
Global
	GlobalSection(SolutionConfigurationPlatforms) = preSolution
		Debug|Any CPU = Debug|Any CPU
		Release|Any CPU = Release|Any CPU
	EndGlobalSection
	GlobalSection(ProjectConfigurationPlatforms) = postSolution
		{4C2F51A6-B4C9-43FA-8AFE-88192E4720B5}.Debug|Any CPU.ActiveCfg = Debug|Any CPU
		{4C2F51A6-B4C9-43FA-8AFE-88192E4720B5}.Debug|Any CPU.Build.0 = Debug|Any CPU
		{4C2F51A6-B4C9-43FA-8AFE-88192E4720B5}.Release|Any CPU.ActiveCfg = Release|Any CPU
		{4C2F51A6-B4C9-43FA-8AFE-88192E4720B5}.Release|Any CPU.Build.0 = Release|Any CPU
	EndGlobalSection
	GlobalSection(SolutionProperties) = preSolution
		HideSolutionNode = FALSE
	EndGlobalSection
	GlobalSection(ExtensibilityGlobals) = postSolution
		SolutionGuid = {E2A53A14-2883-49EC-B7AE-6DAC8281FFC7}
	EndGlobalSection
EndGlobal
